
Microsoft Visual Studio Solution File, Format Version 12.00
# Visual Studio Version 17
VisualStudioVersion = 17.5.002.0
MinimumVisualStudioVersion = 10.0.40219.1
Project("{2150E333-8FDC-42A3-9474-1A3956D46DE8}") = "carDataApi", "carDataApi", "{446F3EC8-DE36-44A6-BB3C-18C2027CC415}"
EndProject
Project("{9A19103F-16F7-4668-BE54-9A1E7A4F7556}") = "carDataApi", "carDataApi\carDataApi\carDataApi.csproj", "{587A2AA7-3A49-40AC-A47D-49F26588BEAC}"
EndProject
Global
	GlobalSection(SolutionConfigurationPlatforms) = preSolution
		Debug|Any CPU = Debug|Any CPU
		Release|Any CPU = Release|Any CPU
	EndGlobalSection
	GlobalSection(ProjectConfigurationPlatforms) = postSolution
		{587A2AA7-3A49-40AC-A47D-49F26588BEAC}.Debug|Any CPU.ActiveCfg = Debug|Any CPU
		{587A2AA7-3A49-40AC-A47D-49F26588BEAC}.Debug|Any CPU.Build.0 = Debug|Any CPU
		{587A2AA7-3A49-40AC-A47D-49F26588BEAC}.Release|Any CPU.ActiveCfg = Release|Any CPU
		{587A2AA7-3A49-40AC-A47D-49F26588BEAC}.Release|Any CPU.Build.0 = Release|Any CPU
	EndGlobalSection
	GlobalSection(SolutionProperties) = preSolution
		HideSolutionNode = FALSE
	EndGlobalSection
	GlobalSection(NestedProjects) = preSolution
		{587A2AA7-3A49-40AC-A47D-49F26588BEAC} = {446F3EC8-DE36-44A6-BB3C-18C2027CC415}
	EndGlobalSection
	GlobalSection(ExtensibilityGlobals) = postSolution
		SolutionGuid = {B14F6900-E109-47F2-BD44-CB9DF21A432F}
	EndGlobalSection
EndGlobal
